
Microsoft Visual Studio Solution File, Format Version 12.00
# Visual Studio 14
VisualStudioVersion = 14.0.24720.0
MinimumVisualStudioVersion = 10.0.40219.1
Project("{FAE04EC0-301F-11D3-BF4B-00C04F79EFBC}") = "DataAccess", "DataAccess\DataAccess.csproj", "{E68C9B3F-5387-41F2-B2D4-DF43C4B92EBB}"
EndProject
Project("{FAE04EC0-301F-11D3-BF4B-00C04F79EFBC}") = "Service", "Service\Service.csproj", "{FDD25957-86D1-4432-9941-53D3D9FDEE74}"
EndProject
Project("{FAE04EC0-301F-11D3-BF4B-00C04F79EFBC}") = "Tests", "Tests\Tests.csproj", "{AB14F8DF-2779-4FEB-A3B5-87B39E7BBA11}"
EndProject
Global
	GlobalSection(SolutionConfigurationPlatforms) = preSolution
		Debug|Any CPU = Debug|Any CPU
		Release|Any CPU = Release|Any CPU
	EndGlobalSection
	GlobalSection(ProjectConfigurationPlatforms) = postSolution
		{E68C9B3F-5387-41F2-B2D4-DF43C4B92EBB}.Debug|Any CPU.ActiveCfg = Debug|Any CPU
		{E68C9B3F-5387-41F2-B2D4-DF43C4B92EBB}.Debug|Any CPU.Build.0 = Debug|Any CPU
		{E68C9B3F-5387-41F2-B2D4-DF43C4B92EBB}.Release|Any CPU.ActiveCfg = Release|Any CPU
		{E68C9B3F-5387-41F2-B2D4-DF43C4B92EBB}.Release|Any CPU.Build.0 = Release|Any CPU
		{FDD25957-86D1-4432-9941-53D3D9FDEE74}.Debug|Any CPU.ActiveCfg = Debug|Any CPU
		{FDD25957-86D1-4432-9941-53D3D9FDEE74}.Debug|Any CPU.Build.0 = Debug|Any CPU
		{FDD25957-86D1-4432-9941-53D3D9FDEE74}.Release|Any CPU.ActiveCfg = Release|Any CPU
		{FDD25957-86D1-4432-9941-53D3D9FDEE74}.Release|Any CPU.Build.0 = Release|Any CPU
		{AB14F8DF-2779-4FEB-A3B5-87B39E7BBA11}.Debug|Any CPU.ActiveCfg = Debug|Any CPU
		{AB14F8DF-2779-4FEB-A3B5-87B39E7BBA11}.Debug|Any CPU.Build.0 = Debug|Any CPU
		{AB14F8DF-2779-4FEB-A3B5-87B39E7BBA11}.Release|Any CPU.ActiveCfg = Release|Any CPU
		{AB14F8DF-2779-4FEB-A3B5-87B39E7BBA11}.Release|Any CPU.Build.0 = Release|Any CPU
	EndGlobalSection
	GlobalSection(SolutionProperties) = preSolution
		HideSolutionNode = FALSE
	EndGlobalSection
EndGlobal
